// !$*UTF8*$!
{
	archiveVersion = 1;
	classes = {
	};
	objectVersion = 50;
	objects = {

/* Begin PBXBuildFile section */
		D1238411263EB2D500BE0F1D /* AppDelegate.swift in Sources */ = {isa = PBXBuildFile; fileRef = D1238410263EB2D500BE0F1D /* AppDelegate.swift */; };
		D1238413263EB2D500BE0F1D /* ViewController.swift in Sources */ = {isa = PBXBuildFile; fileRef = D1238412263EB2D500BE0F1D /* ViewController.swift */; };
		D1238415263EB2D800BE0F1D /* Assets.xcassets in Resources */ = {isa = PBXBuildFile; fileRef = D1238414263EB2D800BE0F1D /* Assets.xcassets */; };
		D1238418263EB2D800BE0F1D /* Main.storyboard in Resources */ = {isa = PBXBuildFile; fileRef = D1238416263EB2D800BE0F1D /* Main.storyboard */; };
		D1238422263EC5E300BE0F1D /* MonoAPI.swift in Sources */ = {isa = PBXBuildFile; fileRef = D1238421263EC5E300BE0F1D /* MonoAPI.swift */; };
		D12CFF95264417860095E315 /* StatementsTable.xib in Resources */ = {isa = PBXBuildFile; fileRef = D12CFF94264417860095E315 /* StatementsTable.xib */; };
		D12CFF98264418A50095E315 /* MonoStatementsTable.swift in Sources */ = {isa = PBXBuildFile; fileRef = D12CFF97264418A50095E315 /* MonoStatementsTable.swift */; };
		D1DBB7C52646B1ED000A1B49 /* StatementDetailsView.xib in Resources */ = {isa = PBXBuildFile; fileRef = D1DBB7C42646B1ED000A1B49 /* StatementDetailsView.xib */; };
		D1DBB7C72646B211000A1B49 /* StatementDetailsView.swift in Sources */ = {isa = PBXBuildFile; fileRef = D1DBB7C62646B211000A1B49 /* StatementDetailsView.swift */; };
/* End PBXBuildFile section */

/* Begin PBXFileReference section */
		D123840D263EB2D500BE0F1D /* MonoStatements.app */ = {isa = PBXFileReference; explicitFileType = wrapper.application; includeInIndex = 0; path = MonoStatements.app; sourceTree = BUILT_PRODUCTS_DIR; };
		D1238410263EB2D500BE0F1D /* AppDelegate.swift */ = {isa = PBXFileReference; lastKnownFileType = sourcecode.swift; path = AppDelegate.swift; sourceTree = "<group>"; };
		D1238412263EB2D500BE0F1D /* ViewController.swift */ = {isa = PBXFileReference; lastKnownFileType = sourcecode.swift; path = ViewController.swift; sourceTree = "<group>"; };
		D1238414263EB2D800BE0F1D /* Assets.xcassets */ = {isa = PBXFileReference; lastKnownFileType = folder.assetcatalog; path = Assets.xcassets; sourceTree = "<group>"; };
		D1238417263EB2D800BE0F1D /* Base */ = {isa = PBXFileReference; lastKnownFileType = file.storyboard; name = Base; path = Base.lproj/Main.storyboard; sourceTree = "<group>"; };
		D1238419263EB2D800BE0F1D /* Info.plist */ = {isa = PBXFileReference; lastKnownFileType = text.plist.xml; path = Info.plist; sourceTree = "<group>"; };
		D123841A263EB2D800BE0F1D /* MonoStatements.entitlements */ = {isa = PBXFileReference; lastKnownFileType = text.plist.entitlements; path = MonoStatements.entitlements; sourceTree = "<group>"; };
		D1238421263EC5E300BE0F1D /* MonoAPI.swift */ = {isa = PBXFileReference; lastKnownFileType = sourcecode.swift; path = MonoAPI.swift; sourceTree = "<group>"; };
		D12CFF94264417860095E315 /* StatementsTable.xib */ = {isa = PBXFileReference; lastKnownFileType = file.xib; path = StatementsTable.xib; sourceTree = "<group>"; };
		D12CFF97264418A50095E315 /* MonoStatementsTable.swift */ = {isa = PBXFileReference; lastKnownFileType = sourcecode.swift; path = MonoStatementsTable.swift; sourceTree = "<group>"; };
		D1DBB7C42646B1ED000A1B49 /* StatementDetailsView.xib */ = {isa = PBXFileReference; lastKnownFileType = file.xib; path = StatementDetailsView.xib; sourceTree = "<group>"; };
		D1DBB7C62646B211000A1B49 /* StatementDetailsView.swift */ = {isa = PBXFileReference; lastKnownFileType = sourcecode.swift; path = StatementDetailsView.swift; sourceTree = "<group>"; };
/* End PBXFileReference section */

/* Begin PBXFrameworksBuildPhase section */
		D123840A263EB2D500BE0F1D /* Frameworks */ = {
			isa = PBXFrameworksBuildPhase;
			buildActionMask = 2147483647;
			files = (
			);
			runOnlyForDeploymentPostprocessing = 0;
		};
/* End PBXFrameworksBuildPhase section */

/* Begin PBXGroup section */
		D1238404263EB2D500BE0F1D = {
			isa = PBXGroup;
			children = (
				D123840F263EB2D500BE0F1D /* MonoStatements */,
				D123840E263EB2D500BE0F1D /* Products */,
			);
			sourceTree = "<group>";
		};
		D123840E263EB2D500BE0F1D /* Products */ = {
			isa = PBXGroup;
			children = (
				D123840D263EB2D500BE0F1D /* MonoStatements.app */,
			);
			name = Products;
			sourceTree = "<group>";
		};
		D123840F263EB2D500BE0F1D /* MonoStatements */ = {
			isa = PBXGroup;
			children = (
				D1238410263EB2D500BE0F1D /* AppDelegate.swift */,
				D1238412263EB2D500BE0F1D /* ViewController.swift */,
				D1238414263EB2D800BE0F1D /* Assets.xcassets */,
				D1238416263EB2D800BE0F1D /* Main.storyboard */,
				D1238419263EB2D800BE0F1D /* Info.plist */,
				D123841A263EB2D800BE0F1D /* MonoStatements.entitlements */,
				D1238421263EC5E300BE0F1D /* MonoAPI.swift */,
				D12CFF94264417860095E315 /* StatementsTable.xib */,
				D12CFF97264418A50095E315 /* MonoStatementsTable.swift */,
				D1DBB7C42646B1ED000A1B49 /* StatementDetailsView.xib */,
				D1DBB7C62646B211000A1B49 /* StatementDetailsView.swift */,
			);
			path = MonoStatements;
			sourceTree = "<group>";
		};
/* End PBXGroup section */

/* Begin PBXNativeTarget section */
		D123840C263EB2D500BE0F1D /* MonoStatements */ = {
			isa = PBXNativeTarget;
			buildConfigurationList = D123841D263EB2D800BE0F1D /* Build configuration list for PBXNativeTarget "MonoStatements" */;
			buildPhases = (
				D1238409263EB2D500BE0F1D /* Sources */,
				D123840A263EB2D500BE0F1D /* Frameworks */,
				D123840B263EB2D500BE0F1D /* Resources */,
			);
			buildRules = (
			);
			dependencies = (
			);
			name = MonoStatements;
			productName = MonoStatements;
			productReference = D123840D263EB2D500BE0F1D /* MonoStatements.app */;
			productType = "com.apple.product-type.application";
		};
/* End PBXNativeTarget section */

/* Begin PBXProject section */
		D1238405263EB2D500BE0F1D /* Project object */ = {
			isa = PBXProject;
			attributes = {
				LastSwiftUpdateCheck = 1240;
				LastUpgradeCheck = 1240;
				TargetAttributes = {
					D123840C263EB2D500BE0F1D = {
						CreatedOnToolsVersion = 12.4;
					};
				};
			};
			buildConfigurationList = D1238408263EB2D500BE0F1D /* Build configuration list for PBXProject "MonoStatements" */;
			compatibilityVersion = "Xcode 9.3";
			developmentRegion = en;
			hasScannedForEncodings = 0;
			knownRegions = (
				en,
				Base,
			);
			mainGroup = D1238404263EB2D500BE0F1D;
			productRefGroup = D123840E263EB2D500BE0F1D /* Products */;
			projectDirPath = "";
			projectRoot = "";
			targets = (
				D123840C263EB2D500BE0F1D /* MonoStatements */,
			);
		};
/* End PBXProject section */

/* Begin PBXResourcesBuildPhase section */
		D123840B263EB2D500BE0F1D /* Resources */ = {
			isa = PBXResourcesBuildPhase;
			buildActionMask = 2147483647;
			files = (
				D12CFF95264417860095E315 /* StatementsTable.xib in Resources */,
				D1238415263EB2D800BE0F1D /* Assets.xcassets in Resources */,
				D1238418263EB2D800BE0F1D /* Main.storyboard in Resources */,
				D1DBB7C52646B1ED000A1B49 /* StatementDetailsView.xib in Resources */,
			);
			runOnlyForDeploymentPostprocessing = 0;
		};
/* End PBXResourcesBuildPhase section */

/* Begin PBXSourcesBuildPhase section */
		D1238409263EB2D500BE0F1D /* Sources */ = {
			isa = PBXSourcesBuildPhase;
			buildActionMask = 2147483647;
			files = (
				D1238422263EC5E300BE0F1D /* MonoAPI.swift in Sources */,
				D12CFF98264418A50095E315 /* MonoStatementsTable.swift in Sources */,
				D1238413263EB2D500BE0F1D /* ViewController.swift in Sources */,
				D1DBB7C72646B211000A1B49 /* StatementDetailsView.swift in Sources */,
				D1238411263EB2D500BE0F1D /* AppDelegate.swift in Sources */,
			);
			runOnlyForDeploymentPostprocessing = 0;
		};
/* End PBXSourcesBuildPhase section */

/* Begin PBXVariantGroup section */
		D1238416263EB2D800BE0F1D /* Main.storyboard */ = {
			isa = PBXVariantGroup;
			children = (
				D1238417263EB2D800BE0F1D /* Base */,
			);
			name = Main.storyboard;
			sourceTree = "<group>";
		};
/* End PBXVariantGroup section */

/* Begin XCBuildConfiguration section */
		D123841B263EB2D800BE0F1D /* Debug */ = {
			isa = XCBuildConfiguration;
			buildSettings = {
				ALWAYS_SEARCH_USER_PATHS = NO;
				CLANG_ANALYZER_NONNULL = YES;
				CLANG_ANALYZER_NUMBER_OBJECT_CONVERSION = YES_AGGRESSIVE;
				CLANG_CXX_LANGUAGE_STANDARD = "gnu++14";
				CLANG_CXX_LIBRARY = "libc++";
				CLANG_ENABLE_MODULES = YES;
				CLANG_ENABLE_OBJC_ARC = YES;
				CLANG_ENABLE_OBJC_WEAK = YES;
				CLANG_WARN_BLOCK_CAPTURE_AUTORELEASING = YES;
				CLANG_WARN_BOOL_CONVERSION = YES;
				CLANG_WARN_COMMA = YES;
				CLANG_WARN_CONSTANT_CONVERSION = YES;
				CLANG_WARN_DEPRECATED_OBJC_IMPLEMENTATIONS = YES;
				CLANG_WARN_DIRECT_OBJC_ISA_USAGE = YES_ERROR;
				CLANG_WARN_DOCUMENTATION_COMMENTS = YES;
				CLANG_WARN_EMPTY_BODY = YES;
				CLANG_WARN_ENUM_CONVERSION = YES;
				CLANG_WARN_INFINITE_RECURSION = YES;
				CLANG_WARN_INT_CONVERSION = YES;
				CLANG_WARN_NON_LITERAL_NULL_CONVERSION = YES;
				CLANG_WARN_OBJC_IMPLICIT_RETAIN_SELF = YES;
				CLANG_WARN_OBJC_LITERAL_CONVERSION = YES;
				CLANG_WARN_OBJC_ROOT_CLASS = YES_ERROR;
				CLANG_WARN_QUOTED_INCLUDE_IN_FRAMEWORK_HEADER = YES;
				CLANG_WARN_RANGE_LOOP_ANALYSIS = YES;
				CLANG_WARN_STRICT_PROTOTYPES = YES;
				CLANG_WARN_SUSPICIOUS_MOVE = YES;
				CLANG_WARN_UNGUARDED_AVAILABILITY = YES_AGGRESSIVE;
				CLANG_WARN_UNREACHABLE_CODE = YES;
				CLANG_WARN__DUPLICATE_METHOD_MATCH = YES;
				COPY_PHASE_STRIP = NO;
				DEBUG_INFORMATION_FORMAT = dwarf;
				ENABLE_STRICT_OBJC_MSGSEND = YES;
				ENABLE_TESTABILITY = YES;
				GCC_C_LANGUAGE_STANDARD = gnu11;
				GCC_DYNAMIC_NO_PIC = NO;
				GCC_NO_COMMON_BLOCKS = YES;
				GCC_OPTIMIZATION_LEVEL = 0;
				GCC_PREPROCESSOR_DEFINITIONS = (
					"DEBUG=1",
					"$(inherited)",
				);
				GCC_WARN_64_TO_32_BIT_CONVERSION = YES;
				GCC_WARN_ABOUT_RETURN_TYPE = YES_ERROR;
				GCC_WARN_UNDECLARED_SELECTOR = YES;
				GCC_WARN_UNINITIALIZED_AUTOS = YES_AGGRESSIVE;
				GCC_WARN_UNUSED_FUNCTION = YES;
				GCC_WARN_UNUSED_VARIABLE = YES;
				MACOSX_DEPLOYMENT_TARGET = 11.1;
				MTL_ENABLE_DEBUG_INFO = INCLUDE_SOURCE;
				MTL_FAST_MATH = YES;
				ONLY_ACTIVE_ARCH = YES;
				SDKROOT = macosx;
				SWIFT_ACTIVE_COMPILATION_CONDITIONS = DEBUG;
				SWIFT_OPTIMIZATION_LEVEL = "-Onone";
			};
			name = Debug;
		};
		D123841C263EB2D800BE0F1D /* Release */ = {
			isa = XCBuildConfiguration;
			buildSettings = {
				ALWAYS_SEARCH_USER_PATHS = NO;
				CLANG_ANALYZER_NONNULL = YES;
				CLANG_ANALYZER_NUMBER_OBJECT_CONVERSION = YES_AGGRESSIVE;
				CLANG_CXX_LANGUAGE_STANDARD = "gnu++14";
				CLANG_CXX_LIBRARY = "libc++";
				CLANG_ENABLE_MODULES = YES;
				CLANG_ENABLE_OBJC_ARC = YES;
				CLANG_ENABLE_OBJC_WEAK = YES;
				CLANG_WARN_BLOCK_CAPTURE_AUTORELEASING = YES;
				CLANG_WARN_BOOL_CONVERSION = YES;
				CLANG_WARN_COMMA = YES;
				CLANG_WARN_CONSTANT_CONVERSION = YES;
				CLANG_WARN_DEPRECATED_OBJC_IMPLEMENTATIONS = YES;
				CLANG_WARN_DIRECT_OBJC_ISA_USAGE = YES_ERROR;
				CLANG_WARN_DOCUMENTATION_COMMENTS = YES;
				CLANG_WARN_EMPTY_BODY = YES;
				CLANG_WARN_ENUM_CONVERSION = YES;
				CLANG_WARN_INFINITE_RECURSION = YES;
				CLANG_WARN_INT_CONVERSION = YES;
				CLANG_WARN_NON_LITERAL_NULL_CONVERSION = YES;
				CLANG_WARN_OBJC_IMPLICIT_RETAIN_SELF = YES;
				CLANG_WARN_OBJC_LITERAL_CONVERSION = YES;
				CLANG_WARN_OBJC_ROOT_CLASS = YES_ERROR;
				CLANG_WARN_QUOTED_INCLUDE_IN_FRAMEWORK_HEADER = YES;
				CLANG_WARN_RANGE_LOOP_ANALYSIS = YES;
				CLANG_WARN_STRICT_PROTOTYPES = YES;
				CLANG_WARN_SUSPICIOUS_MOVE = YES;
				CLANG_WARN_UNGUARDED_AVAILABILITY = YES_AGGRESSIVE;
				CLANG_WARN_UNREACHABLE_CODE = YES;
				CLANG_WARN__DUPLICATE_METHOD_MATCH = YES;
				COPY_PHASE_STRIP = NO;
				DEBUG_INFORMATION_FORMAT = "dwarf-with-dsym";
				ENABLE_NS_ASSERTIONS = NO;
				ENABLE_STRICT_OBJC_MSGSEND = YES;
				GCC_C_LANGUAGE_STANDARD = gnu11;
				GCC_NO_COMMON_BLOCKS = YES;
				GCC_WARN_64_TO_32_BIT_CONVERSION = YES;
				GCC_WARN_ABOUT_RETURN_TYPE = YES_ERROR;
				GCC_WARN_UNDECLARED_SELECTOR = YES;
				GCC_WARN_UNINITIALIZED_AUTOS = YES_AGGRESSIVE;
				GCC_WARN_UNUSED_FUNCTION = YES;
				GCC_WARN_UNUSED_VARIABLE = YES;
				MACOSX_DEPLOYMENT_TARGET = 11.1;
				MTL_ENABLE_DEBUG_INFO = NO;
				MTL_FAST_MATH = YES;
				SDKROOT = macosx;
				SWIFT_COMPILATION_MODE = wholemodule;
				SWIFT_OPTIMIZATION_LEVEL = "-O";
			};
			name = Release;
		};
		D123841E263EB2D800BE0F1D /* Debug */ = {
			isa = XCBuildConfiguration;
			buildSettings = {
				ASSETCATALOG_COMPILER_APPICON_NAME = AppIcon;
				ASSETCATALOG_COMPILER_GLOBAL_ACCENT_COLOR_NAME = AccentColor;
				CODE_SIGN_ENTITLEMENTS = MonoStatements/MonoStatements.entitlements;
				CODE_SIGN_STYLE = Automatic;
				COMBINE_HIDPI_IMAGES = YES;
				DEVELOPMENT_TEAM = 6W97JP88X4;
				ENABLE_HARDENED_RUNTIME = YES;
				INFOPLIST_FILE = MonoStatements/Info.plist;
				LD_RUNPATH_SEARCH_PATHS = (
					"$(inherited)",
					"@executable_path/../Frameworks",
				);
				PRODUCT_BUNDLE_IDENTIFIER = com.olegwock.MonoStatements;
				PRODUCT_NAME = "$(TARGET_NAME)";
				SWIFT_VERSION = 5.0;
			};
			name = Debug;
		};
		D123841F263EB2D800BE0F1D /* Release */ = {
			isa = XCBuildConfiguration;
			buildSettings = {
				ASSETCATALOG_COMPILER_APPICON_NAME = AppIcon;
				ASSETCATALOG_COMPILER_GLOBAL_ACCENT_COLOR_NAME = AccentColor;
				CODE_SIGN_ENTITLEMENTS = MonoStatements/MonoStatements.entitlements;
				CODE_SIGN_STYLE = Automatic;
				COMBINE_HIDPI_IMAGES = YES;
				DEVELOPMENT_TEAM = 6W97JP88X4;
				ENABLE_HARDENED_RUNTIME = YES;
				INFOPLIST_FILE = MonoStatements/Info.plist;
				LD_RUNPATH_SEARCH_PATHS = (
					"$(inherited)",
					"@executable_path/../Frameworks",
				);
				PRODUCT_BUNDLE_IDENTIFIER = com.olegwock.MonoStatements;
				PRODUCT_NAME = "$(TARGET_NAME)";
				SWIFT_VERSION = 5.0;
			};
			name = Release;
		};
/* End XCBuildConfiguration section */

/* Begin XCConfigurationList section */
		D1238408263EB2D500BE0F1D /* Build configuration list for PBXProject "MonoStatements" */ = {
			isa = XCConfigurationList;
			buildConfigurations = (
				D123841B263EB2D800BE0F1D /* Debug */,
				D123841C263EB2D800BE0F1D /* Release */,
			);
			defaultConfigurationIsVisible = 0;
			defaultConfigurationName = Release;
		};
		D123841D263EB2D800BE0F1D /* Build configuration list for PBXNativeTarget "MonoStatements" */ = {
			isa = XCConfigurationList;
			buildConfigurations = (
				D123841E263EB2D800BE0F1D /* Debug */,
				D123841F263EB2D800BE0F1D /* Release */,
			);
			defaultConfigurationIsVisible = 0;
			defaultConfigurationName = Release;
		};
/* End XCConfigurationList section */
	};
	rootObject = D1238405263EB2D500BE0F1D /* Project object */;
}
